
Microsoft Visual Studio Solution File, Format Version 12.00
# Visual Studio 14
VisualStudioVersion = 14.0.24720.0
MinimumVisualStudioVersion = 10.0.40219.1
Project("{2150E333-8FDC-42A3-9474-1A3956D46DE8}") = "Business", "Business", "{BFA6E741-D886-429C-BD53-30121C3E4490}"
EndProject
Project("{FAE04EC0-301F-11D3-BF4B-00C04F79EFBC}") = "EasyTracker.Business.Entities", "EasyTracker.Business.Entities\EasyTracker.Business.Entities.csproj", "{7FDA2E7C-7940-4AFF-BB2C-CC359882FA48}"
EndProject
Project("{2150E333-8FDC-42A3-9474-1A3956D46DE8}") = "Presentation", "Presentation", "{5104A42A-A483-43B0-AEF4-408D864F3E6D}"
EndProject
Project("{2150E333-8FDC-42A3-9474-1A3956D46DE8}") = "Data", "Data", "{8BF520DA-45C5-44C9-9AE4-96E053AB65C2}"
EndProject
Project("{FAE04EC0-301F-11D3-BF4B-00C04F79EFBC}") = "EasyTracker.Data.DataAccess", "EasyTracker.Data.DataAccess\EasyTracker.Data.DataAccess.csproj", "{376F24BE-3487-40C0-BE13-7AF39CE752BE}"
EndProject
Project("{FAE04EC0-301F-11D3-BF4B-00C04F79EFBC}") = "EasyTracker.Data.LocalDb", "EasyTracker.Data.LocalDb\EasyTracker.Data.LocalDb.csproj", "{D70AAD9D-149E-4F61-8CBB-EC68557E92CD}"
EndProject
Global
	GlobalSection(SolutionConfigurationPlatforms) = preSolution
		Debug|Any CPU = Debug|Any CPU
		Release|Any CPU = Release|Any CPU
	EndGlobalSection
	GlobalSection(ProjectConfigurationPlatforms) = postSolution
		{7FDA2E7C-7940-4AFF-BB2C-CC359882FA48}.Debug|Any CPU.ActiveCfg = Debug|Any CPU
		{7FDA2E7C-7940-4AFF-BB2C-CC359882FA48}.Debug|Any CPU.Build.0 = Debug|Any CPU
		{7FDA2E7C-7940-4AFF-BB2C-CC359882FA48}.Release|Any CPU.ActiveCfg = Release|Any CPU
		{7FDA2E7C-7940-4AFF-BB2C-CC359882FA48}.Release|Any CPU.Build.0 = Release|Any CPU
		{376F24BE-3487-40C0-BE13-7AF39CE752BE}.Debug|Any CPU.ActiveCfg = Debug|Any CPU
		{376F24BE-3487-40C0-BE13-7AF39CE752BE}.Debug|Any CPU.Build.0 = Debug|Any CPU
		{376F24BE-3487-40C0-BE13-7AF39CE752BE}.Release|Any CPU.ActiveCfg = Release|Any CPU
		{376F24BE-3487-40C0-BE13-7AF39CE752BE}.Release|Any CPU.Build.0 = Release|Any CPU
		{D70AAD9D-149E-4F61-8CBB-EC68557E92CD}.Debug|Any CPU.ActiveCfg = Debug|Any CPU
		{D70AAD9D-149E-4F61-8CBB-EC68557E92CD}.Debug|Any CPU.Build.0 = Debug|Any CPU
		{D70AAD9D-149E-4F61-8CBB-EC68557E92CD}.Release|Any CPU.ActiveCfg = Release|Any CPU
		{D70AAD9D-149E-4F61-8CBB-EC68557E92CD}.Release|Any CPU.Build.0 = Release|Any CPU
	EndGlobalSection
	GlobalSection(SolutionProperties) = preSolution
		HideSolutionNode = FALSE
	EndGlobalSection
	GlobalSection(NestedProjects) = preSolution
		{7FDA2E7C-7940-4AFF-BB2C-CC359882FA48} = {BFA6E741-D886-429C-BD53-30121C3E4490}
		{376F24BE-3487-40C0-BE13-7AF39CE752BE} = {8BF520DA-45C5-44C9-9AE4-96E053AB65C2}
		{D70AAD9D-149E-4F61-8CBB-EC68557E92CD} = {8BF520DA-45C5-44C9-9AE4-96E053AB65C2}
	EndGlobalSection
EndGlobal
